
Microsoft Visual Studio Solution File, Format Version 12.00
# Visual Studio Version 16
VisualStudioVersion = 16.0.33328.57
MinimumVisualStudioVersion = 10.0.40219.1
Project("{8BC9CEB8-8B4A-11D0-8D11-00A0C91BC942}") = "Project1", "Project1\Project1.vcxproj", "{566D76F4-884A-4A86-AC8A-5B6A7E22752B}"
EndProject
Global
	GlobalSection(SolutionConfigurationPlatforms) = preSolution
		Debug|x64 = Debug|x64
		Debug|x86 = Debug|x86
		Release|x64 = Release|x64
		Release|x86 = Release|x86
	EndGlobalSection
	GlobalSection(ProjectConfigurationPlatforms) = postSolution
		{566D76F4-884A-4A86-AC8A-5B6A7E22752B}.Debug|x64.ActiveCfg = Debug|x64
		{566D76F4-884A-4A86-AC8A-5B6A7E22752B}.Debug|x64.Build.0 = Debug|x64
		{566D76F4-884A-4A86-AC8A-5B6A7E22752B}.Debug|x86.ActiveCfg = Debug|Win32
		{566D76F4-884A-4A86-AC8A-5B6A7E22752B}.Debug|x86.Build.0 = Debug|Win32
		{566D76F4-884A-4A86-AC8A-5B6A7E22752B}.Release|x64.ActiveCfg = Release|x64
		{566D76F4-884A-4A86-AC8A-5B6A7E22752B}.Release|x64.Build.0 = Release|x64
		{566D76F4-884A-4A86-AC8A-5B6A7E22752B}.Release|x86.ActiveCfg = Release|Win32
		{566D76F4-884A-4A86-AC8A-5B6A7E22752B}.Release|x86.Build.0 = Release|Win32
	EndGlobalSection
	GlobalSection(SolutionProperties) = preSolution
		HideSolutionNode = FALSE
	EndGlobalSection
	GlobalSection(ExtensibilityGlobals) = postSolution
		SolutionGuid = {36C6F70C-0BEA-4D3D-A1B2-30A5157507FE}
	EndGlobalSection
EndGlobal
